
Microsoft Visual Studio Solution File, Format Version 12.00
# Visual Studio Version 17
VisualStudioVersion = 17.0.32126.317
MinimumVisualStudioVersion = 10.0.40219.1
Project("{9A19103F-16F7-4668-BE54-9A1E7A4F7556}") = "StudyControlAPI", "StudyControlAPI\StudyControlAPI.csproj", "{3964AA82-FDAC-467A-A8B4-3B867FC7B9CD}"
EndProject
Project("{9A19103F-16F7-4668-BE54-9A1E7A4F7556}") = "SCLib", "SCLib\SCLib.csproj", "{4572437A-B439-4B49-89C3-0B39D6A8B057}"
EndProject
Global
	GlobalSection(SolutionConfigurationPlatforms) = preSolution
		Debug|Any CPU = Debug|Any CPU
		Debug|iPhone = Debug|iPhone
		Debug|iPhoneSimulator = Debug|iPhoneSimulator
		Release|Any CPU = Release|Any CPU
		Release|iPhone = Release|iPhone
		Release|iPhoneSimulator = Release|iPhoneSimulator
	EndGlobalSection
	GlobalSection(ProjectConfigurationPlatforms) = postSolution
		{3964AA82-FDAC-467A-A8B4-3B867FC7B9CD}.Debug|Any CPU.ActiveCfg = Debug|Any CPU
		{3964AA82-FDAC-467A-A8B4-3B867FC7B9CD}.Debug|Any CPU.Build.0 = Debug|Any CPU
		{3964AA82-FDAC-467A-A8B4-3B867FC7B9CD}.Debug|iPhone.ActiveCfg = Debug|Any CPU
		{3964AA82-FDAC-467A-A8B4-3B867FC7B9CD}.Debug|iPhone.Build.0 = Debug|Any CPU
		{3964AA82-FDAC-467A-A8B4-3B867FC7B9CD}.Debug|iPhoneSimulator.ActiveCfg = Debug|Any CPU
		{3964AA82-FDAC-467A-A8B4-3B867FC7B9CD}.Debug|iPhoneSimulator.Build.0 = Debug|Any CPU
		{3964AA82-FDAC-467A-A8B4-3B867FC7B9CD}.Release|Any CPU.ActiveCfg = Release|Any CPU
		{3964AA82-FDAC-467A-A8B4-3B867FC7B9CD}.Release|Any CPU.Build.0 = Release|Any CPU
		{3964AA82-FDAC-467A-A8B4-3B867FC7B9CD}.Release|iPhone.ActiveCfg = Release|Any CPU
		{3964AA82-FDAC-467A-A8B4-3B867FC7B9CD}.Release|iPhone.Build.0 = Release|Any CPU
		{3964AA82-FDAC-467A-A8B4-3B867FC7B9CD}.Release|iPhoneSimulator.ActiveCfg = Release|Any CPU
		{3964AA82-FDAC-467A-A8B4-3B867FC7B9CD}.Release|iPhoneSimulator.Build.0 = Release|Any CPU
		{4572437A-B439-4B49-89C3-0B39D6A8B057}.Debug|Any CPU.ActiveCfg = Debug|Any CPU
		{4572437A-B439-4B49-89C3-0B39D6A8B057}.Debug|Any CPU.Build.0 = Debug|Any CPU
		{4572437A-B439-4B49-89C3-0B39D6A8B057}.Debug|iPhone.ActiveCfg = Debug|Any CPU
		{4572437A-B439-4B49-89C3-0B39D6A8B057}.Debug|iPhone.Build.0 = Debug|Any CPU
		{4572437A-B439-4B49-89C3-0B39D6A8B057}.Debug|iPhoneSimulator.ActiveCfg = Debug|Any CPU
		{4572437A-B439-4B49-89C3-0B39D6A8B057}.Debug|iPhoneSimulator.Build.0 = Debug|Any CPU
		{4572437A-B439-4B49-89C3-0B39D6A8B057}.Release|Any CPU.ActiveCfg = Release|Any CPU
		{4572437A-B439-4B49-89C3-0B39D6A8B057}.Release|Any CPU.Build.0 = Release|Any CPU
		{4572437A-B439-4B49-89C3-0B39D6A8B057}.Release|iPhone.ActiveCfg = Release|Any CPU
		{4572437A-B439-4B49-89C3-0B39D6A8B057}.Release|iPhone.Build.0 = Release|Any CPU
		{4572437A-B439-4B49-89C3-0B39D6A8B057}.Release|iPhoneSimulator.ActiveCfg = Release|Any CPU
		{4572437A-B439-4B49-89C3-0B39D6A8B057}.Release|iPhoneSimulator.Build.0 = Release|Any CPU
	EndGlobalSection
	GlobalSection(SolutionProperties) = preSolution
		HideSolutionNode = FALSE
	EndGlobalSection
	GlobalSection(ExtensibilityGlobals) = postSolution
		SolutionGuid = {1D8EB52C-B316-41FC-8A7F-94773014C1D6}
	EndGlobalSection
EndGlobal
